
Microsoft Visual Studio Solution File, Format Version 12.00
# Visual Studio 15
VisualStudioVersion = 15.0.28010.2046
MinimumVisualStudioVersion = 10.0.40219.1
Project("{F184B08F-C81C-45F6-A57F-5ABD9991F28F}") = "DOS", "DOS\DOS.vbproj", "{C0166A76-BC5F-456F-96F7-E040259D7AF7}"
EndProject
Global
	GlobalSection(SolutionConfigurationPlatforms) = preSolution
		Debug|Any CPU = Debug|Any CPU
		Release|Any CPU = Release|Any CPU
	EndGlobalSection
	GlobalSection(ProjectConfigurationPlatforms) = postSolution
		{C0166A76-BC5F-456F-96F7-E040259D7AF7}.Debug|Any CPU.ActiveCfg = Debug|Any CPU
		{C0166A76-BC5F-456F-96F7-E040259D7AF7}.Debug|Any CPU.Build.0 = Debug|Any CPU
		{C0166A76-BC5F-456F-96F7-E040259D7AF7}.Release|Any CPU.ActiveCfg = Release|Any CPU
		{C0166A76-BC5F-456F-96F7-E040259D7AF7}.Release|Any CPU.Build.0 = Release|Any CPU
	EndGlobalSection
	GlobalSection(SolutionProperties) = preSolution
		HideSolutionNode = FALSE
	EndGlobalSection
	GlobalSection(ExtensibilityGlobals) = postSolution
		SolutionGuid = {03E84C3C-D0EE-47EB-94CA-3377E354AF69}
	EndGlobalSection
EndGlobal
